// !$*UTF8*$!
{
	archiveVersion = 1;
	classes = {
	};
	objectVersion = 56;
	objects = {

/* Begin PBXBuildFile section */
		5E95568B2A045EBB002A2878 /* ProfileViewController.swift in Sources */ = {isa = PBXBuildFile; fileRef = 5E95568A2A045EBB002A2878 /* ProfileViewController.swift */; };
		5E95568D2A046263002A2878 /* UserProfile.xcassets in Resources */ = {isa = PBXBuildFile; fileRef = 5E95568C2A046263002A2878 /* UserProfile.xcassets */; };
		5E95568F2A046322002A2878 /* AvatarGalleryViewController.swift in Sources */ = {isa = PBXBuildFile; fileRef = 5E95568E2A046322002A2878 /* AvatarGalleryViewController.swift */; };
		5E9556952A053E6E002A2878 /* LoginViewController.swift in Sources */ = {isa = PBXBuildFile; fileRef = 5E9556942A053E6E002A2878 /* LoginViewController.swift */; };
		5EB2A6F129BE875F00895B68 /* MemoryViewController.swift in Sources */ = {isa = PBXBuildFile; fileRef = 5EB2A6F029BE875F00895B68 /* MemoryViewController.swift */; };
		5EB2A6F829BE972F00895B68 /* fruitsAndVegetables.xcassets in Resources */ = {isa = PBXBuildFile; fileRef = 5EB2A6F729BE972F00895B68 /* fruitsAndVegetables.xcassets */; };
		5EF37DD72A00830F00C54F18 /* MainViewController.swift in Sources */ = {isa = PBXBuildFile; fileRef = 5EF37DD62A00830F00C54F18 /* MainViewController.swift */; };
		5EF37DD92A01096300C54F18 /* RegistrationViewController.swift in Sources */ = {isa = PBXBuildFile; fileRef = 5EF37DD82A01096300C54F18 /* RegistrationViewController.swift */; };
		5EF37DDB2A0126A600C54F18 /* NewUserViewController.swift in Sources */ = {isa = PBXBuildFile; fileRef = 5EF37DDA2A0126A600C54F18 /* NewUserViewController.swift */; };
		5EF37DDD2A01BB0C00C54F18 /* MemoryCollectionViewController.swift in Sources */ = {isa = PBXBuildFile; fileRef = 5EF37DDC2A01BB0C00C54F18 /* MemoryCollectionViewController.swift */; };
		5EF37DE12A0280FD00C54F18 /* cars.xcassets in Resources */ = {isa = PBXBuildFile; fileRef = 5EF37DE02A0280FD00C54F18 /* cars.xcassets */; };
		5EF37DE32A02824900C54F18 /* flowers.xcassets in Resources */ = {isa = PBXBuildFile; fileRef = 5EF37DE22A02824900C54F18 /* flowers.xcassets */; };
		5EF37DE52A02826000C54F18 /* animals.xcassets in Resources */ = {isa = PBXBuildFile; fileRef = 5EF37DE42A02826000C54F18 /* animals.xcassets */; };
		8103B3B629B91D8D002AF007 /* TicTacToeViewController.swift in Sources */ = {isa = PBXBuildFile; fileRef = 8103B3B529B91D8D002AF007 /* TicTacToeViewController.swift */; };
		818ED5092A02C063002ED41B /* Dynamic.swift in Sources */ = {isa = PBXBuildFile; fileRef = 818ED5082A02C063002ED41B /* Dynamic.swift */; };
		818ED50C2A02C0A4002ED41B /* TicTacToeModel.swift in Sources */ = {isa = PBXBuildFile; fileRef = 818ED50B2A02C0A4002ED41B /* TicTacToeModel.swift */; };
		818ED50E2A02C0B5002ED41B /* TicTacToeViewModel.swift in Sources */ = {isa = PBXBuildFile; fileRef = 818ED50D2A02C0B5002ED41B /* TicTacToeViewModel.swift */; };
		819808032A03F97500D9D3A1 /* FirebaseAuth in Frameworks */ = {isa = PBXBuildFile; productRef = 819808022A03F97500D9D3A1 /* FirebaseAuth */; };
		819808052A03F97500D9D3A1 /* FirebaseFirestore in Frameworks */ = {isa = PBXBuildFile; productRef = 819808042A03F97500D9D3A1 /* FirebaseFirestore */; };
		819808072A03FADE00D9D3A1 /* GoogleService-Info.plist in Resources */ = {isa = PBXBuildFile; fileRef = 819808062A03FADE00D9D3A1 /* GoogleService-Info.plist */; };
		819E088029B768C900E4CFDF /* AppDelegate.swift in Sources */ = {isa = PBXBuildFile; fileRef = 819E087F29B768C900E4CFDF /* AppDelegate.swift */; };
		819E088229B768C900E4CFDF /* SceneDelegate.swift in Sources */ = {isa = PBXBuildFile; fileRef = 819E088129B768C900E4CFDF /* SceneDelegate.swift */; };
		819E088929B768CB00E4CFDF /* Assets.xcassets in Resources */ = {isa = PBXBuildFile; fileRef = 819E088829B768CB00E4CFDF /* Assets.xcassets */; };
		819E088C29B768CB00E4CFDF /* LaunchScreen.storyboard in Resources */ = {isa = PBXBuildFile; fileRef = 819E088A29B768CB00E4CFDF /* LaunchScreen.storyboard */; };
		819E089429B769F200E4CFDF /* MenuViewController.swift in Sources */ = {isa = PBXBuildFile; fileRef = 819E089329B769F200E4CFDF /* MenuViewController.swift */; };
		819E089629B771A400E4CFDF /* UIView+Pin.swift in Sources */ = {isa = PBXBuildFile; fileRef = 819E089529B771A400E4CFDF /* UIView+Pin.swift */; };
		81E99C3129BB579E00D3B0BD /* EndGameViewController.swift in Sources */ = {isa = PBXBuildFile; fileRef = 81E99C3029BB579E00D3B0BD /* EndGameViewController.swift */; };
		81E99C3529BCA41000D3B0BD /* PuzzleViewController.swift in Sources */ = {isa = PBXBuildFile; fileRef = 81E99C3429BCA41000D3B0BD /* PuzzleViewController.swift */; };
		81E99C3729BCCB2F00D3B0BD /* Puzzle.swift in Sources */ = {isa = PBXBuildFile; fileRef = 81E99C3629BCCB2F00D3B0BD /* Puzzle.swift */; };
		81E99C3929BCCD5800D3B0BD /* ImageCollectionViewCell.swift in Sources */ = {isa = PBXBuildFile; fileRef = 81E99C3829BCCD5800D3B0BD /* ImageCollectionViewCell.swift */; };
		81FB4E4B29BFD5DC00D16BAE /* PuzzleCollectionViewController.swift in Sources */ = {isa = PBXBuildFile; fileRef = 81FB4E4A29BFD5DC00D16BAE /* PuzzleCollectionViewController.swift */; };
/* End PBXBuildFile section */

/* Begin PBXFileReference section */
		5E95568A2A045EBB002A2878 /* ProfileViewController.swift */ = {isa = PBXFileReference; lastKnownFileType = sourcecode.swift; path = ProfileViewController.swift; sourceTree = "<group>"; xcLanguageSpecificationIdentifier = xcode.lang.plist; };
		5E95568C2A046263002A2878 /* UserProfile.xcassets */ = {isa = PBXFileReference; lastKnownFileType = folder.assetcatalog; path = UserProfile.xcassets; sourceTree = "<group>"; };
		5E95568E2A046322002A2878 /* AvatarGalleryViewController.swift */ = {isa = PBXFileReference; lastKnownFileType = sourcecode.swift; path = AvatarGalleryViewController.swift; sourceTree = "<group>"; };
		5E9556942A053E6E002A2878 /* LoginViewController.swift */ = {isa = PBXFileReference; lastKnownFileType = sourcecode.swift; path = LoginViewController.swift; sourceTree = "<group>"; };
		5E9556A52A069086002A2878 /* fr */ = {isa = PBXFileReference; lastKnownFileType = text.plist.strings; name = fr; path = fr.lproj/LaunchScreen.strings; sourceTree = "<group>"; };
		5E9556A62A0690B5002A2878 /* en-150 */ = {isa = PBXFileReference; lastKnownFileType = text.plist.strings; name = "en-150"; path = "en-150.lproj/LaunchScreen.strings"; sourceTree = "<group>"; };
		5E9556A72A0690C7002A2878 /* de */ = {isa = PBXFileReference; lastKnownFileType = text.plist.strings; name = de; path = de.lproj/LaunchScreen.strings; sourceTree = "<group>"; };
		5E9556A82A0690CF002A2878 /* ru */ = {isa = PBXFileReference; lastKnownFileType = text.plist.strings; name = ru; path = ru.lproj/LaunchScreen.strings; sourceTree = "<group>"; };
		5E9556A92A0690E8002A2878 /* en-001 */ = {isa = PBXFileReference; lastKnownFileType = text.plist.strings; name = "en-001"; path = "en-001.lproj/LaunchScreen.strings"; sourceTree = "<group>"; };
		5EB2A6F029BE875F00895B68 /* MemoryViewController.swift */ = {isa = PBXFileReference; lastKnownFileType = sourcecode.swift; path = MemoryViewController.swift; sourceTree = "<group>"; };
		5EB2A6F729BE972F00895B68 /* fruitsAndVegetables.xcassets */ = {isa = PBXFileReference; lastKnownFileType = folder.assetcatalog; path = fruitsAndVegetables.xcassets; sourceTree = "<group>"; };
		5EF37DD62A00830F00C54F18 /* MainViewController.swift */ = {isa = PBXFileReference; lastKnownFileType = sourcecode.swift; path = MainViewController.swift; sourceTree = "<group>"; };
		5EF37DD82A01096300C54F18 /* RegistrationViewController.swift */ = {isa = PBXFileReference; lastKnownFileType = sourcecode.swift; path = RegistrationViewController.swift; sourceTree = "<group>"; };
		5EF37DDA2A0126A600C54F18 /* NewUserViewController.swift */ = {isa = PBXFileReference; lastKnownFileType = sourcecode.swift; path = NewUserViewController.swift; sourceTree = "<group>"; };
		5EF37DDC2A01BB0C00C54F18 /* MemoryCollectionViewController.swift */ = {isa = PBXFileReference; lastKnownFileType = sourcecode.swift; path = MemoryCollectionViewController.swift; sourceTree = "<group>"; };
		5EF37DE02A0280FD00C54F18 /* cars.xcassets */ = {isa = PBXFileReference; lastKnownFileType = folder.assetcatalog; path = cars.xcassets; sourceTree = "<group>"; };
		5EF37DE22A02824900C54F18 /* flowers.xcassets */ = {isa = PBXFileReference; lastKnownFileType = folder.assetcatalog; path = flowers.xcassets; sourceTree = "<group>"; };
		5EF37DE42A02826000C54F18 /* animals.xcassets */ = {isa = PBXFileReference; lastKnownFileType = folder.assetcatalog; path = animals.xcassets; sourceTree = "<group>"; };
		8103B3B529B91D8D002AF007 /* TicTacToeViewController.swift */ = {isa = PBXFileReference; lastKnownFileType = sourcecode.swift; path = TicTacToeViewController.swift; sourceTree = "<group>"; };
		818ED5082A02C063002ED41B /* Dynamic.swift */ = {isa = PBXFileReference; lastKnownFileType = sourcecode.swift; path = Dynamic.swift; sourceTree = "<group>"; };
		818ED50B2A02C0A4002ED41B /* TicTacToeModel.swift */ = {isa = PBXFileReference; lastKnownFileType = sourcecode.swift; path = TicTacToeModel.swift; sourceTree = "<group>"; };
		818ED50D2A02C0B5002ED41B /* TicTacToeViewModel.swift */ = {isa = PBXFileReference; lastKnownFileType = sourcecode.swift; path = TicTacToeViewModel.swift; sourceTree = "<group>"; };
		819808062A03FADE00D9D3A1 /* GoogleService-Info.plist */ = {isa = PBXFileReference; fileEncoding = 4; lastKnownFileType = text.plist.xml; path = "GoogleService-Info.plist"; sourceTree = "<group>"; };
		819E087C29B768C900E4CFDF /* EduAppIos.app */ = {isa = PBXFileReference; explicitFileType = wrapper.application; includeInIndex = 0; path = EduAppIos.app; sourceTree = BUILT_PRODUCTS_DIR; };
		819E087F29B768C900E4CFDF /* AppDelegate.swift */ = {isa = PBXFileReference; lastKnownFileType = sourcecode.swift; path = AppDelegate.swift; sourceTree = "<group>"; };
		819E088129B768C900E4CFDF /* SceneDelegate.swift */ = {isa = PBXFileReference; lastKnownFileType = sourcecode.swift; path = SceneDelegate.swift; sourceTree = "<group>"; };
		819E088829B768CB00E4CFDF /* Assets.xcassets */ = {isa = PBXFileReference; lastKnownFileType = folder.assetcatalog; path = Assets.xcassets; sourceTree = "<group>"; };
		819E088B29B768CB00E4CFDF /* Base */ = {isa = PBXFileReference; lastKnownFileType = file.storyboard; name = Base; path = Base.lproj/LaunchScreen.storyboard; sourceTree = "<group>"; };
		819E088D29B768CB00E4CFDF /* Info.plist */ = {isa = PBXFileReference; lastKnownFileType = text.plist.xml; path = Info.plist; sourceTree = "<group>"; };
		819E089329B769F200E4CFDF /* MenuViewController.swift */ = {isa = PBXFileReference; lastKnownFileType = sourcecode.swift; path = MenuViewController.swift; sourceTree = "<group>"; };
		819E089529B771A400E4CFDF /* UIView+Pin.swift */ = {isa = PBXFileReference; lastKnownFileType = sourcecode.swift; path = "UIView+Pin.swift"; sourceTree = "<group>"; };
		81E99C3029BB579E00D3B0BD /* EndGameViewController.swift */ = {isa = PBXFileReference; lastKnownFileType = sourcecode.swift; path = EndGameViewController.swift; sourceTree = "<group>"; };
		81E99C3429BCA41000D3B0BD /* PuzzleViewController.swift */ = {isa = PBXFileReference; lastKnownFileType = sourcecode.swift; path = PuzzleViewController.swift; sourceTree = "<group>"; };
		81E99C3629BCCB2F00D3B0BD /* Puzzle.swift */ = {isa = PBXFileReference; lastKnownFileType = sourcecode.swift; path = Puzzle.swift; sourceTree = "<group>"; };
		81E99C3829BCCD5800D3B0BD /* ImageCollectionViewCell.swift */ = {isa = PBXFileReference; lastKnownFileType = sourcecode.swift; path = ImageCollectionViewCell.swift; sourceTree = "<group>"; };
		81FB4E4A29BFD5DC00D16BAE /* PuzzleCollectionViewController.swift */ = {isa = PBXFileReference; lastKnownFileType = sourcecode.swift; path = PuzzleCollectionViewController.swift; sourceTree = "<group>"; };
/* End PBXFileReference section */

/* Begin PBXFrameworksBuildPhase section */
		819E087929B768C900E4CFDF /* Frameworks */ = {
			isa = PBXFrameworksBuildPhase;
			buildActionMask = 2147483647;
			files = (
				819808032A03F97500D9D3A1 /* FirebaseAuth in Frameworks */,
				819808052A03F97500D9D3A1 /* FirebaseFirestore in Frameworks */,
			);
			runOnlyForDeploymentPostprocessing = 0;
		};
/* End PBXFrameworksBuildPhase section */

/* Begin PBXGroup section */
		5E9556932A0519B0002A2878 /* UserProfile */ = {
			isa = PBXGroup;
			children = (
				5E95568E2A046322002A2878 /* AvatarGalleryViewController.swift */,
				5E95568A2A045EBB002A2878 /* ProfileViewController.swift */,
				5E95568C2A046263002A2878 /* UserProfile.xcassets */,
			);
			path = UserProfile;
			sourceTree = "<group>";
		};
		5E9556962A0542F3002A2878 /* LogInToTheApp */ = {
			isa = PBXGroup;
			children = (
				5E9556942A053E6E002A2878 /* LoginViewController.swift */,
				5EF37DD82A01096300C54F18 /* RegistrationViewController.swift */,
				5EF37DD62A00830F00C54F18 /* MainViewController.swift */,
				819E089329B769F200E4CFDF /* MenuViewController.swift */,
				5EF37DDA2A0126A600C54F18 /* NewUserViewController.swift */,
			);
			path = LogInToTheApp;
			sourceTree = "<group>";
		};
		5EB2A6F229BE888D00895B68 /* Memory */ = {
			isa = PBXGroup;
			children = (
				5EB2A6F029BE875F00895B68 /* MemoryViewController.swift */,
				5EF37DDC2A01BB0C00C54F18 /* MemoryCollectionViewController.swift */,
				5EB2A6F729BE972F00895B68 /* fruitsAndVegetables.xcassets */,
				5EF37DE02A0280FD00C54F18 /* cars.xcassets */,
				5EF37DE22A02824900C54F18 /* flowers.xcassets */,
				5EF37DE42A02826000C54F18 /* animals.xcassets */,
			);
			path = Memory;
			sourceTree = "<group>";
		};
		818ED50A2A02C081002ED41B /* Binding */ = {
			isa = PBXGroup;
			children = (
				818ED5082A02C063002ED41B /* Dynamic.swift */,
			);
			path = Binding;
			sourceTree = "<group>";
		};
		819E087329B768C900E4CFDF = {
			isa = PBXGroup;
			children = (
				819E087E29B768C900E4CFDF /* EduAppIos */,
				819E087D29B768C900E4CFDF /* Products */,
			);
			sourceTree = "<group>";
		};
		819E087D29B768C900E4CFDF /* Products */ = {
			isa = PBXGroup;
			children = (
				819E087C29B768C900E4CFDF /* EduAppIos.app */,
			);
			name = Products;
			sourceTree = "<group>";
		};
		819E087E29B768C900E4CFDF /* EduAppIos */ = {
			isa = PBXGroup;
			children = (
				819808062A03FADE00D9D3A1 /* GoogleService-Info.plist */,
				819E087F29B768C900E4CFDF /* AppDelegate.swift */,
				819E088129B768C900E4CFDF /* SceneDelegate.swift */,
				819E088829B768CB00E4CFDF /* Assets.xcassets */,
				819E088A29B768CB00E4CFDF /* LaunchScreen.storyboard */,
				819E088D29B768CB00E4CFDF /* Info.plist */,
				819E089529B771A400E4CFDF /* UIView+Pin.swift */,
				5E9556962A0542F3002A2878 /* LogInToTheApp */,
				5E9556932A0519B0002A2878 /* UserProfile */,
				5EB2A6F229BE888D00895B68 /* Memory */,
				81FB4E4C29BFDFF100D16BAE /* TicTacToe */,
				81E99C3A29BCCF3900D3B0BD /* Puzzles */,
			);
			path = EduAppIos;
			sourceTree = "<group>";
		};
		81E99C3A29BCCF3900D3B0BD /* Puzzles */ = {
			isa = PBXGroup;
			children = (
				81E99C3429BCA41000D3B0BD /* PuzzleViewController.swift */,
				81E99C3629BCCB2F00D3B0BD /* Puzzle.swift */,
				81E99C3829BCCD5800D3B0BD /* ImageCollectionViewCell.swift */,
				81FB4E4A29BFD5DC00D16BAE /* PuzzleCollectionViewController.swift */,
				818ED50A2A02C081002ED41B /* Binding */,
			);
			path = Puzzles;
			sourceTree = "<group>";
		};
		81FB4E4C29BFDFF100D16BAE /* TicTacToe */ = {
			isa = PBXGroup;
			children = (
				8103B3B529B91D8D002AF007 /* TicTacToeViewController.swift */,
				81E99C3029BB579E00D3B0BD /* EndGameViewController.swift */,
				818ED50B2A02C0A4002ED41B /* TicTacToeModel.swift */,
				818ED50D2A02C0B5002ED41B /* TicTacToeViewModel.swift */,
			);
			path = TicTacToe;
			sourceTree = "<group>";
		};
/* End PBXGroup section */

/* Begin PBXNativeTarget section */
		819E087B29B768C900E4CFDF /* EduAppIos */ = {
			isa = PBXNativeTarget;
			buildConfigurationList = 819E089029B768CB00E4CFDF /* Build configuration list for PBXNativeTarget "EduAppIos" */;
			buildPhases = (
				819E087829B768C900E4CFDF /* Sources */,
				819E087929B768C900E4CFDF /* Frameworks */,
				819E087A29B768C900E4CFDF /* Resources */,
			);
			buildRules = (
			);
			dependencies = (
			);
			name = EduAppIos;
			packageProductDependencies = (
				819808022A03F97500D9D3A1 /* FirebaseAuth */,
				819808042A03F97500D9D3A1 /* FirebaseFirestore */,
			);
			productName = EduAppIos;
			productReference = 819E087C29B768C900E4CFDF /* EduAppIos.app */;
			productType = "com.apple.product-type.application";
		};
/* End PBXNativeTarget section */

/* Begin PBXProject section */
		819E087429B768C900E4CFDF /* Project object */ = {
			isa = PBXProject;
			attributes = {
				BuildIndependentTargetsInParallel = 1;
				LastSwiftUpdateCheck = 1410;
				LastUpgradeCheck = 1410;
				TargetAttributes = {
					819E087B29B768C900E4CFDF = {
						CreatedOnToolsVersion = 14.1;
					};
				};
			};
			buildConfigurationList = 819E087729B768C900E4CFDF /* Build configuration list for PBXProject "EduAppIos" */;
			compatibilityVersion = "Xcode 14.0";
			developmentRegion = en;
			hasScannedForEncodings = 0;
			knownRegions = (
				en,
				Base,
				fr,
				"en-150",
				de,
				ru,
				"en-001",
			);
			mainGroup = 819E087329B768C900E4CFDF;
			packageReferences = (
				819808012A03F97400D9D3A1 /* XCRemoteSwiftPackageReference "firebase-ios-sdk" */,
			);
			productRefGroup = 819E087D29B768C900E4CFDF /* Products */;
			projectDirPath = "";
			projectRoot = "";
			targets = (
				819E087B29B768C900E4CFDF /* EduAppIos */,
			);
		};
/* End PBXProject section */

/* Begin PBXResourcesBuildPhase section */
		819E087A29B768C900E4CFDF /* Resources */ = {
			isa = PBXResourcesBuildPhase;
			buildActionMask = 2147483647;
			files = (
				5E95568D2A046263002A2878 /* UserProfile.xcassets in Resources */,
				5EB2A6F829BE972F00895B68 /* fruitsAndVegetables.xcassets in Resources */,
				819E088C29B768CB00E4CFDF /* LaunchScreen.storyboard in Resources */,
				5EF37DE12A0280FD00C54F18 /* cars.xcassets in Resources */,
				5EF37DE52A02826000C54F18 /* animals.xcassets in Resources */,
				5EF37DE32A02824900C54F18 /* flowers.xcassets in Resources */,
				819E088929B768CB00E4CFDF /* Assets.xcassets in Resources */,
				819808072A03FADE00D9D3A1 /* GoogleService-Info.plist in Resources */,
			);
			runOnlyForDeploymentPostprocessing = 0;
		};
/* End PBXResourcesBuildPhase section */

/* Begin PBXSourcesBuildPhase section */
		819E087829B768C900E4CFDF /* Sources */ = {
			isa = PBXSourcesBuildPhase;
			buildActionMask = 2147483647;
			files = (
				819E088029B768C900E4CFDF /* AppDelegate.swift in Sources */,
				818ED50C2A02C0A4002ED41B /* TicTacToeModel.swift in Sources */,
				5E95568F2A046322002A2878 /* AvatarGalleryViewController.swift in Sources */,
				81E99C3729BCCB2F00D3B0BD /* Puzzle.swift in Sources */,
				819E088229B768C900E4CFDF /* SceneDelegate.swift in Sources */,
				5EF37DD72A00830F00C54F18 /* MainViewController.swift in Sources */,
				5EF37DD92A01096300C54F18 /* RegistrationViewController.swift in Sources */,
				81E99C3529BCA41000D3B0BD /* PuzzleViewController.swift in Sources */,
				818ED50E2A02C0B5002ED41B /* TicTacToeViewModel.swift in Sources */,
				5EF37DDB2A0126A600C54F18 /* NewUserViewController.swift in Sources */,
				5E9556952A053E6E002A2878 /* LoginViewController.swift in Sources */,
				5E95568B2A045EBB002A2878 /* ProfileViewController.swift in Sources */,
				81E99C3129BB579E00D3B0BD /* EndGameViewController.swift in Sources */,
				81FB4E4B29BFD5DC00D16BAE /* PuzzleCollectionViewController.swift in Sources */,
				5EF37DDD2A01BB0C00C54F18 /* MemoryCollectionViewController.swift in Sources */,
				8103B3B629B91D8D002AF007 /* TicTacToeViewController.swift in Sources */,
				81E99C3929BCCD5800D3B0BD /* ImageCollectionViewCell.swift in Sources */,
				819E089629B771A400E4CFDF /* UIView+Pin.swift in Sources */,
				818ED5092A02C063002ED41B /* Dynamic.swift in Sources */,
				819E089429B769F200E4CFDF /* MenuViewController.swift in Sources */,
				5EB2A6F129BE875F00895B68 /* MemoryViewController.swift in Sources */,
			);
			runOnlyForDeploymentPostprocessing = 0;
		};
/* End PBXSourcesBuildPhase section */

/* Begin PBXVariantGroup section */
		819E088A29B768CB00E4CFDF /* LaunchScreen.storyboard */ = {
			isa = PBXVariantGroup;
			children = (
				819E088B29B768CB00E4CFDF /* Base */,
				5E9556A52A069086002A2878 /* fr */,
				5E9556A62A0690B5002A2878 /* en-150 */,
				5E9556A72A0690C7002A2878 /* de */,
				5E9556A82A0690CF002A2878 /* ru */,
				5E9556A92A0690E8002A2878 /* en-001 */,
			);
			name = LaunchScreen.storyboard;
			sourceTree = "<group>";
		};
/* End PBXVariantGroup section */

/* Begin XCBuildConfiguration section */
		819E088E29B768CB00E4CFDF /* Debug */ = {
			isa = XCBuildConfiguration;
			buildSettings = {
				ALWAYS_SEARCH_USER_PATHS = NO;
				CLANG_ANALYZER_LOCALIZABILITY_NONLOCALIZED = YES;
				CLANG_ANALYZER_NONNULL = YES;
				CLANG_ANALYZER_NUMBER_OBJECT_CONVERSION = YES_AGGRESSIVE;
				CLANG_CXX_LANGUAGE_STANDARD = "gnu++20";
				CLANG_ENABLE_MODULES = YES;
				CLANG_ENABLE_OBJC_ARC = YES;
				CLANG_ENABLE_OBJC_WEAK = YES;
				CLANG_WARN_BLOCK_CAPTURE_AUTORELEASING = YES;
				CLANG_WARN_BOOL_CONVERSION = YES;
				CLANG_WARN_COMMA = YES;
				CLANG_WARN_CONSTANT_CONVERSION = YES;
				CLANG_WARN_DEPRECATED_OBJC_IMPLEMENTATIONS = YES;
				CLANG_WARN_DIRECT_OBJC_ISA_USAGE = YES_ERROR;
				CLANG_WARN_DOCUMENTATION_COMMENTS = YES;
				CLANG_WARN_EMPTY_BODY = YES;
				CLANG_WARN_ENUM_CONVERSION = YES;
				CLANG_WARN_INFINITE_RECURSION = YES;
				CLANG_WARN_INT_CONVERSION = YES;
				CLANG_WARN_NON_LITERAL_NULL_CONVERSION = YES;
				CLANG_WARN_OBJC_IMPLICIT_RETAIN_SELF = YES;
				CLANG_WARN_OBJC_LITERAL_CONVERSION = YES;
				CLANG_WARN_OBJC_ROOT_CLASS = YES_ERROR;
				CLANG_WARN_QUOTED_INCLUDE_IN_FRAMEWORK_HEADER = YES;
				CLANG_WARN_RANGE_LOOP_ANALYSIS = YES;
				CLANG_WARN_STRICT_PROTOTYPES = YES;
				CLANG_WARN_SUSPICIOUS_MOVE = YES;
				CLANG_WARN_UNGUARDED_AVAILABILITY = YES_AGGRESSIVE;
				CLANG_WARN_UNREACHABLE_CODE = YES;
				CLANG_WARN__DUPLICATE_METHOD_MATCH = YES;
				COPY_PHASE_STRIP = NO;
				DEBUG_INFORMATION_FORMAT = dwarf;
				ENABLE_STRICT_OBJC_MSGSEND = YES;
				ENABLE_TESTABILITY = YES;
				GCC_C_LANGUAGE_STANDARD = gnu11;
				GCC_DYNAMIC_NO_PIC = NO;
				GCC_NO_COMMON_BLOCKS = YES;
				GCC_OPTIMIZATION_LEVEL = 0;
				GCC_PREPROCESSOR_DEFINITIONS = (
					"DEBUG=1",
					"$(inherited)",
				);
				GCC_WARN_64_TO_32_BIT_CONVERSION = YES;
				GCC_WARN_ABOUT_RETURN_TYPE = YES_ERROR;
				GCC_WARN_UNDECLARED_SELECTOR = YES;
				GCC_WARN_UNINITIALIZED_AUTOS = YES_AGGRESSIVE;
				GCC_WARN_UNUSED_FUNCTION = YES;
				GCC_WARN_UNUSED_VARIABLE = YES;
				IPHONEOS_DEPLOYMENT_TARGET = 16.1;
				MTL_ENABLE_DEBUG_INFO = INCLUDE_SOURCE;
				MTL_FAST_MATH = YES;
				ONLY_ACTIVE_ARCH = YES;
				SDKROOT = iphoneos;
				SWIFT_ACTIVE_COMPILATION_CONDITIONS = DEBUG;
				SWIFT_OPTIMIZATION_LEVEL = "-Onone";
			};
			name = Debug;
		};
		819E088F29B768CB00E4CFDF /* Release */ = {
			isa = XCBuildConfiguration;
			buildSettings = {
				ALWAYS_SEARCH_USER_PATHS = NO;
				CLANG_ANALYZER_LOCALIZABILITY_NONLOCALIZED = YES;
				CLANG_ANALYZER_NONNULL = YES;
				CLANG_ANALYZER_NUMBER_OBJECT_CONVERSION = YES_AGGRESSIVE;
				CLANG_CXX_LANGUAGE_STANDARD = "gnu++20";
				CLANG_ENABLE_MODULES = YES;
				CLANG_ENABLE_OBJC_ARC = YES;
				CLANG_ENABLE_OBJC_WEAK = YES;
				CLANG_WARN_BLOCK_CAPTURE_AUTORELEASING = YES;
				CLANG_WARN_BOOL_CONVERSION = YES;
				CLANG_WARN_COMMA = YES;
				CLANG_WARN_CONSTANT_CONVERSION = YES;
				CLANG_WARN_DEPRECATED_OBJC_IMPLEMENTATIONS = YES;
				CLANG_WARN_DIRECT_OBJC_ISA_USAGE = YES_ERROR;
				CLANG_WARN_DOCUMENTATION_COMMENTS = YES;
				CLANG_WARN_EMPTY_BODY = YES;
				CLANG_WARN_ENUM_CONVERSION = YES;
				CLANG_WARN_INFINITE_RECURSION = YES;
				CLANG_WARN_INT_CONVERSION = YES;
				CLANG_WARN_NON_LITERAL_NULL_CONVERSION = YES;
				CLANG_WARN_OBJC_IMPLICIT_RETAIN_SELF = YES;
				CLANG_WARN_OBJC_LITERAL_CONVERSION = YES;
				CLANG_WARN_OBJC_ROOT_CLASS = YES_ERROR;
				CLANG_WARN_QUOTED_INCLUDE_IN_FRAMEWORK_HEADER = YES;
				CLANG_WARN_RANGE_LOOP_ANALYSIS = YES;
				CLANG_WARN_STRICT_PROTOTYPES = YES;
				CLANG_WARN_SUSPICIOUS_MOVE = YES;
				CLANG_WARN_UNGUARDED_AVAILABILITY = YES_AGGRESSIVE;
				CLANG_WARN_UNREACHABLE_CODE = YES;
				CLANG_WARN__DUPLICATE_METHOD_MATCH = YES;
				COPY_PHASE_STRIP = NO;
				DEBUG_INFORMATION_FORMAT = "dwarf-with-dsym";
				ENABLE_NS_ASSERTIONS = NO;
				ENABLE_STRICT_OBJC_MSGSEND = YES;
				GCC_C_LANGUAGE_STANDARD = gnu11;
				GCC_NO_COMMON_BLOCKS = YES;
				GCC_WARN_64_TO_32_BIT_CONVERSION = YES;
				GCC_WARN_ABOUT_RETURN_TYPE = YES_ERROR;
				GCC_WARN_UNDECLARED_SELECTOR = YES;
				GCC_WARN_UNINITIALIZED_AUTOS = YES_AGGRESSIVE;
				GCC_WARN_UNUSED_FUNCTION = YES;
				GCC_WARN_UNUSED_VARIABLE = YES;
				IPHONEOS_DEPLOYMENT_TARGET = 16.1;
				MTL_ENABLE_DEBUG_INFO = NO;
				MTL_FAST_MATH = YES;
				SDKROOT = iphoneos;
				SWIFT_COMPILATION_MODE = wholemodule;
				SWIFT_OPTIMIZATION_LEVEL = "-O";
				VALIDATE_PRODUCT = YES;
			};
			name = Release;
		};
		819E089129B768CB00E4CFDF /* Debug */ = {
			isa = XCBuildConfiguration;
			buildSettings = {
				ASSETCATALOG_COMPILER_APPICON_NAME = AppIcon;
				ASSETCATALOG_COMPILER_GLOBAL_ACCENT_COLOR_NAME = AccentColor;
				CODE_SIGN_STYLE = Automatic;
				CURRENT_PROJECT_VERSION = 1;
				DEVELOPMENT_TEAM = 7P9G8L9G3Z;
				GENERATE_INFOPLIST_FILE = YES;
				INFOPLIST_FILE = EduAppIos/Info.plist;
				INFOPLIST_KEY_UIApplicationSupportsIndirectInputEvents = YES;
				INFOPLIST_KEY_UILaunchStoryboardName = LaunchScreen;
				INFOPLIST_KEY_UISupportedInterfaceOrientations_iPad = "UIInterfaceOrientationPortrait UIInterfaceOrientationPortraitUpsideDown UIInterfaceOrientationLandscapeLeft UIInterfaceOrientationLandscapeRight";
				INFOPLIST_KEY_UISupportedInterfaceOrientations_iPhone = "UIInterfaceOrientationPortrait UIInterfaceOrientationLandscapeLeft UIInterfaceOrientationLandscapeRight";
				LD_RUNPATH_SEARCH_PATHS = (
					"$(inherited)",
					"@executable_path/Frameworks",
				);
				MARKETING_VERSION = 1.0;
				PRODUCT_BUNDLE_IDENTIFIER = com.elizaveta.eduappios;
				PRODUCT_NAME = "$(TARGET_NAME)";
				SWIFT_EMIT_LOC_STRINGS = YES;
				SWIFT_VERSION = 5.0;
				TARGETED_DEVICE_FAMILY = "1,2";
			};
			name = Debug;
		};
		819E089229B768CB00E4CFDF /* Release */ = {
			isa = XCBuildConfiguration;
			buildSettings = {
				ASSETCATALOG_COMPILER_APPICON_NAME = AppIcon;
				ASSETCATALOG_COMPILER_GLOBAL_ACCENT_COLOR_NAME = AccentColor;
				CODE_SIGN_STYLE = Automatic;
				CURRENT_PROJECT_VERSION = 1;
				DEVELOPMENT_TEAM = 7P9G8L9G3Z;
				GENERATE_INFOPLIST_FILE = YES;
				INFOPLIST_FILE = EduAppIos/Info.plist;
				INFOPLIST_KEY_UIApplicationSupportsIndirectInputEvents = YES;
				INFOPLIST_KEY_UILaunchStoryboardName = LaunchScreen;
				INFOPLIST_KEY_UISupportedInterfaceOrientations_iPad = "UIInterfaceOrientationPortrait UIInterfaceOrientationPortraitUpsideDown UIInterfaceOrientationLandscapeLeft UIInterfaceOrientationLandscapeRight";
				INFOPLIST_KEY_UISupportedInterfaceOrientations_iPhone = "UIInterfaceOrientationPortrait UIInterfaceOrientationLandscapeLeft UIInterfaceOrientationLandscapeRight";
				LD_RUNPATH_SEARCH_PATHS = (
					"$(inherited)",
					"@executable_path/Frameworks",
				);
				MARKETING_VERSION = 1.0;
				PRODUCT_BUNDLE_IDENTIFIER = com.elizaveta.eduappios;
				PRODUCT_NAME = "$(TARGET_NAME)";
				SWIFT_EMIT_LOC_STRINGS = YES;
				SWIFT_VERSION = 5.0;
				TARGETED_DEVICE_FAMILY = "1,2";
			};
			name = Release;
		};
/* End XCBuildConfiguration section */

/* Begin XCConfigurationList section */
		819E087729B768C900E4CFDF /* Build configuration list for PBXProject "EduAppIos" */ = {
			isa = XCConfigurationList;
			buildConfigurations = (
				819E088E29B768CB00E4CFDF /* Debug */,
				819E088F29B768CB00E4CFDF /* Release */,
			);
			defaultConfigurationIsVisible = 0;
			defaultConfigurationName = Release;
		};
		819E089029B768CB00E4CFDF /* Build configuration list for PBXNativeTarget "EduAppIos" */ = {
			isa = XCConfigurationList;
			buildConfigurations = (
				819E089129B768CB00E4CFDF /* Debug */,
				819E089229B768CB00E4CFDF /* Release */,
			);
			defaultConfigurationIsVisible = 0;
			defaultConfigurationName = Release;
		};
/* End XCConfigurationList section */

/* Begin XCRemoteSwiftPackageReference section */
		819808012A03F97400D9D3A1 /* XCRemoteSwiftPackageReference "firebase-ios-sdk" */ = {
			isa = XCRemoteSwiftPackageReference;
			repositoryURL = "https://github.com/firebase/firebase-ios-sdk";
			requirement = {
				kind = exactVersion;
				version = 8.0.0;
			};
		};
/* End XCRemoteSwiftPackageReference section */

/* Begin XCSwiftPackageProductDependency section */
		819808022A03F97500D9D3A1 /* FirebaseAuth */ = {
			isa = XCSwiftPackageProductDependency;
			package = 819808012A03F97400D9D3A1 /* XCRemoteSwiftPackageReference "firebase-ios-sdk" */;
			productName = FirebaseAuth;
		};
		819808042A03F97500D9D3A1 /* FirebaseFirestore */ = {
			isa = XCSwiftPackageProductDependency;
			package = 819808012A03F97400D9D3A1 /* XCRemoteSwiftPackageReference "firebase-ios-sdk" */;
			productName = FirebaseFirestore;
		};
/* End XCSwiftPackageProductDependency section */
	};
	rootObject = 819E087429B768C900E4CFDF /* Project object */;
}
