{
  "pins" : [
    {
      "identity" : "phonenumberkit",
      "kind" : "remoteSourceControl",
      "location" : "https://github.com/marmelroy/PhoneNumberKit.git",
      "state" : {
        "branch" : "master",
        "revision" : "6edd6e38a30aec087cb97f7377edf876c29a427e"
      }
    }
  ],
  "version" : 2
}
